// !$*UTF8*$!
{
	archiveVersion = 1;
	classes = {
	};
	objectVersion = 50;
	objects = {

/* Begin PBXBuildFile section */
		8B54DBDA2656587300DFF12E /* AppDelegate.swift in Sources */ = {isa = PBXBuildFile; fileRef = 8B54DBD92656587300DFF12E /* AppDelegate.swift */; };
		8B54DBDC2656587300DFF12E /* SceneDelegate.swift in Sources */ = {isa = PBXBuildFile; fileRef = 8B54DBDB2656587300DFF12E /* SceneDelegate.swift */; };
		8B54DBDE2656587300DFF12E /* ViewController.swift in Sources */ = {isa = PBXBuildFile; fileRef = 8B54DBDD2656587300DFF12E /* ViewController.swift */; };
		8B54DBE12656587300DFF12E /* Main.storyboard in Resources */ = {isa = PBXBuildFile; fileRef = 8B54DBDF2656587300DFF12E /* Main.storyboard */; };
		8B54DBE32656587600DFF12E /* Assets.xcassets in Resources */ = {isa = PBXBuildFile; fileRef = 8B54DBE22656587600DFF12E /* Assets.xcassets */; };
		8B54DBE62656587600DFF12E /* LaunchScreen.storyboard in Resources */ = {isa = PBXBuildFile; fileRef = 8B54DBE42656587600DFF12E /* LaunchScreen.storyboard */; };
		8B54DBF32656594D00DFF12E /* HGRefreshBaseView.swift in Sources */ = {isa = PBXBuildFile; fileRef = 8B54DBEE2656594D00DFF12E /* HGRefreshBaseView.swift */; };
		8B54DBF42656594D00DFF12E /* HGRefreshFooterView.swift in Sources */ = {isa = PBXBuildFile; fileRef = 8B54DBEF2656594D00DFF12E /* HGRefreshFooterView.swift */; };
		8B54DBF52656594D00DFF12E /* UIScrollView+HGRefresh.swift in Sources */ = {isa = PBXBuildFile; fileRef = 8B54DBF02656594D00DFF12E /* UIScrollView+HGRefresh.swift */; };
		8B54DBF62656594D00DFF12E /* HGRefreshHeaderView.swift in Sources */ = {isa = PBXBuildFile; fileRef = 8B54DBF12656594D00DFF12E /* HGRefreshHeaderView.swift */; };
/* End PBXBuildFile section */

/* Begin PBXFileReference section */
		8B54DBD62656587300DFF12E /* HGRefreshExample.app */ = {isa = PBXFileReference; explicitFileType = wrapper.application; includeInIndex = 0; path = HGRefreshExample.app; sourceTree = BUILT_PRODUCTS_DIR; };
		8B54DBD92656587300DFF12E /* AppDelegate.swift */ = {isa = PBXFileReference; lastKnownFileType = sourcecode.swift; path = AppDelegate.swift; sourceTree = "<group>"; };
		8B54DBDB2656587300DFF12E /* SceneDelegate.swift */ = {isa = PBXFileReference; lastKnownFileType = sourcecode.swift; path = SceneDelegate.swift; sourceTree = "<group>"; };
		8B54DBDD2656587300DFF12E /* ViewController.swift */ = {isa = PBXFileReference; lastKnownFileType = sourcecode.swift; path = ViewController.swift; sourceTree = "<group>"; };
		8B54DBE02656587300DFF12E /* Base */ = {isa = PBXFileReference; lastKnownFileType = file.storyboard; name = Base; path = Base.lproj/Main.storyboard; sourceTree = "<group>"; };
		8B54DBE22656587600DFF12E /* Assets.xcassets */ = {isa = PBXFileReference; lastKnownFileType = folder.assetcatalog; path = Assets.xcassets; sourceTree = "<group>"; };
		8B54DBE52656587600DFF12E /* Base */ = {isa = PBXFileReference; lastKnownFileType = file.storyboard; name = Base; path = Base.lproj/LaunchScreen.storyboard; sourceTree = "<group>"; };
		8B54DBE72656587600DFF12E /* Info.plist */ = {isa = PBXFileReference; lastKnownFileType = text.plist.xml; path = Info.plist; sourceTree = "<group>"; };
		8B54DBEE2656594D00DFF12E /* HGRefreshBaseView.swift */ = {isa = PBXFileReference; fileEncoding = 4; lastKnownFileType = sourcecode.swift; path = HGRefreshBaseView.swift; sourceTree = "<group>"; };
		8B54DBEF2656594D00DFF12E /* HGRefreshFooterView.swift */ = {isa = PBXFileReference; fileEncoding = 4; lastKnownFileType = sourcecode.swift; path = HGRefreshFooterView.swift; sourceTree = "<group>"; };
		8B54DBF02656594D00DFF12E /* UIScrollView+HGRefresh.swift */ = {isa = PBXFileReference; fileEncoding = 4; lastKnownFileType = sourcecode.swift; path = "UIScrollView+HGRefresh.swift"; sourceTree = "<group>"; };
		8B54DBF12656594D00DFF12E /* HGRefreshHeaderView.swift */ = {isa = PBXFileReference; fileEncoding = 4; lastKnownFileType = sourcecode.swift; path = HGRefreshHeaderView.swift; sourceTree = "<group>"; };
/* End PBXFileReference section */

/* Begin PBXFrameworksBuildPhase section */
		8B54DBD32656587300DFF12E /* Frameworks */ = {
			isa = PBXFrameworksBuildPhase;
			buildActionMask = 2147483647;
			files = (
			);
			runOnlyForDeploymentPostprocessing = 0;
		};
/* End PBXFrameworksBuildPhase section */

/* Begin PBXGroup section */
		8B54DBCD2656587300DFF12E = {
			isa = PBXGroup;
			children = (
				8B54DBD82656587300DFF12E /* HGRefreshExample */,
				8B54DBD72656587300DFF12E /* Products */,
			);
			sourceTree = "<group>";
		};
		8B54DBD72656587300DFF12E /* Products */ = {
			isa = PBXGroup;
			children = (
				8B54DBD62656587300DFF12E /* HGRefreshExample.app */,
			);
			name = Products;
			sourceTree = "<group>";
		};
		8B54DBD82656587300DFF12E /* HGRefreshExample */ = {
			isa = PBXGroup;
			children = (
				8B54DBED2656594D00DFF12E /* HGRefresh */,
				8B54DBD92656587300DFF12E /* AppDelegate.swift */,
				8B54DBDB2656587300DFF12E /* SceneDelegate.swift */,
				8B54DBDD2656587300DFF12E /* ViewController.swift */,
				8B54DBDF2656587300DFF12E /* Main.storyboard */,
				8B54DBE22656587600DFF12E /* Assets.xcassets */,
				8B54DBE42656587600DFF12E /* LaunchScreen.storyboard */,
				8B54DBE72656587600DFF12E /* Info.plist */,
			);
			path = HGRefreshExample;
			sourceTree = "<group>";
		};
		8B54DBED2656594D00DFF12E /* HGRefresh */ = {
			isa = PBXGroup;
			children = (
				8B54DBF02656594D00DFF12E /* UIScrollView+HGRefresh.swift */,
				8B54DBEE2656594D00DFF12E /* HGRefreshBaseView.swift */,
				8B54DBF12656594D00DFF12E /* HGRefreshHeaderView.swift */,
				8B54DBEF2656594D00DFF12E /* HGRefreshFooterView.swift */,
			);
			path = HGRefresh;
			sourceTree = "<group>";
		};
/* End PBXGroup section */

/* Begin PBXNativeTarget section */
		8B54DBD52656587300DFF12E /* HGRefreshExample */ = {
			isa = PBXNativeTarget;
			buildConfigurationList = 8B54DBEA2656587600DFF12E /* Build configuration list for PBXNativeTarget "HGRefreshExample" */;
			buildPhases = (
				8B54DBD22656587300DFF12E /* Sources */,
				8B54DBD32656587300DFF12E /* Frameworks */,
				8B54DBD42656587300DFF12E /* Resources */,
			);
			buildRules = (
			);
			dependencies = (
			);
			name = HGRefreshExample;
			productName = HGRefreshExample;
			productReference = 8B54DBD62656587300DFF12E /* HGRefreshExample.app */;
			productType = "com.apple.product-type.application";
		};
/* End PBXNativeTarget section */

/* Begin PBXProject section */
		8B54DBCE2656587300DFF12E /* Project object */ = {
			isa = PBXProject;
			attributes = {
				LastSwiftUpdateCheck = 1250;
				LastUpgradeCheck = 1250;
				TargetAttributes = {
					8B54DBD52656587300DFF12E = {
						CreatedOnToolsVersion = 12.5;
					};
				};
			};
			buildConfigurationList = 8B54DBD12656587300DFF12E /* Build configuration list for PBXProject "HGRefreshExample" */;
			compatibilityVersion = "Xcode 9.3";
			developmentRegion = en;
			hasScannedForEncodings = 0;
			knownRegions = (
				en,
				Base,
			);
			mainGroup = 8B54DBCD2656587300DFF12E;
			productRefGroup = 8B54DBD72656587300DFF12E /* Products */;
			projectDirPath = "";
			projectRoot = "";
			targets = (
				8B54DBD52656587300DFF12E /* HGRefreshExample */,
			);
		};
/* End PBXProject section */

/* Begin PBXResourcesBuildPhase section */
		8B54DBD42656587300DFF12E /* Resources */ = {
			isa = PBXResourcesBuildPhase;
			buildActionMask = 2147483647;
			files = (
				8B54DBE62656587600DFF12E /* LaunchScreen.storyboard in Resources */,
				8B54DBE32656587600DFF12E /* Assets.xcassets in Resources */,
				8B54DBE12656587300DFF12E /* Main.storyboard in Resources */,
			);
			runOnlyForDeploymentPostprocessing = 0;
		};
/* End PBXResourcesBuildPhase section */

/* Begin PBXSourcesBuildPhase section */
		8B54DBD22656587300DFF12E /* Sources */ = {
			isa = PBXSourcesBuildPhase;
			buildActionMask = 2147483647;
			files = (
				8B54DBDE2656587300DFF12E /* ViewController.swift in Sources */,
				8B54DBF52656594D00DFF12E /* UIScrollView+HGRefresh.swift in Sources */,
				8B54DBF42656594D00DFF12E /* HGRefreshFooterView.swift in Sources */,
				8B54DBF32656594D00DFF12E /* HGRefreshBaseView.swift in Sources */,
				8B54DBF62656594D00DFF12E /* HGRefreshHeaderView.swift in Sources */,
				8B54DBDA2656587300DFF12E /* AppDelegate.swift in Sources */,
				8B54DBDC2656587300DFF12E /* SceneDelegate.swift in Sources */,
			);
			runOnlyForDeploymentPostprocessing = 0;
		};
/* End PBXSourcesBuildPhase section */

/* Begin PBXVariantGroup section */
		8B54DBDF2656587300DFF12E /* Main.storyboard */ = {
			isa = PBXVariantGroup;
			children = (
				8B54DBE02656587300DFF12E /* Base */,
			);
			name = Main.storyboard;
			sourceTree = "<group>";
		};
		8B54DBE42656587600DFF12E /* LaunchScreen.storyboard */ = {
			isa = PBXVariantGroup;
			children = (
				8B54DBE52656587600DFF12E /* Base */,
			);
			name = LaunchScreen.storyboard;
			sourceTree = "<group>";
		};
/* End PBXVariantGroup section */

/* Begin XCBuildConfiguration section */
		8B54DBE82656587600DFF12E /* Debug */ = {
			isa = XCBuildConfiguration;
			buildSettings = {
				ALWAYS_SEARCH_USER_PATHS = NO;
				CLANG_ANALYZER_NONNULL = YES;
				CLANG_ANALYZER_NUMBER_OBJECT_CONVERSION = YES_AGGRESSIVE;
				CLANG_CXX_LANGUAGE_STANDARD = "gnu++14";
				CLANG_CXX_LIBRARY = "libc++";
				CLANG_ENABLE_MODULES = YES;
				CLANG_ENABLE_OBJC_ARC = YES;
				CLANG_ENABLE_OBJC_WEAK = YES;
				CLANG_WARN_BLOCK_CAPTURE_AUTORELEASING = YES;
				CLANG_WARN_BOOL_CONVERSION = YES;
				CLANG_WARN_COMMA = YES;
				CLANG_WARN_CONSTANT_CONVERSION = YES;
				CLANG_WARN_DEPRECATED_OBJC_IMPLEMENTATIONS = YES;
				CLANG_WARN_DIRECT_OBJC_ISA_USAGE = YES_ERROR;
				CLANG_WARN_DOCUMENTATION_COMMENTS = YES;
				CLANG_WARN_EMPTY_BODY = YES;
				CLANG_WARN_ENUM_CONVERSION = YES;
				CLANG_WARN_INFINITE_RECURSION = YES;
				CLANG_WARN_INT_CONVERSION = YES;
				CLANG_WARN_NON_LITERAL_NULL_CONVERSION = YES;
				CLANG_WARN_OBJC_IMPLICIT_RETAIN_SELF = YES;
				CLANG_WARN_OBJC_LITERAL_CONVERSION = YES;
				CLANG_WARN_OBJC_ROOT_CLASS = YES_ERROR;
				CLANG_WARN_QUOTED_INCLUDE_IN_FRAMEWORK_HEADER = YES;
				CLANG_WARN_RANGE_LOOP_ANALYSIS = YES;
				CLANG_WARN_STRICT_PROTOTYPES = YES;
				CLANG_WARN_SUSPICIOUS_MOVE = YES;
				CLANG_WARN_UNGUARDED_AVAILABILITY = YES_AGGRESSIVE;
				CLANG_WARN_UNREACHABLE_CODE = YES;
				CLANG_WARN__DUPLICATE_METHOD_MATCH = YES;
				COPY_PHASE_STRIP = NO;
				DEBUG_INFORMATION_FORMAT = dwarf;
				ENABLE_STRICT_OBJC_MSGSEND = YES;
				ENABLE_TESTABILITY = YES;
				GCC_C_LANGUAGE_STANDARD = gnu11;
				GCC_DYNAMIC_NO_PIC = NO;
				GCC_NO_COMMON_BLOCKS = YES;
				GCC_OPTIMIZATION_LEVEL = 0;
				GCC_PREPROCESSOR_DEFINITIONS = (
					"DEBUG=1",
					"$(inherited)",
				);
				GCC_WARN_64_TO_32_BIT_CONVERSION = YES;
				GCC_WARN_ABOUT_RETURN_TYPE = YES_ERROR;
				GCC_WARN_UNDECLARED_SELECTOR = YES;
				GCC_WARN_UNINITIALIZED_AUTOS = YES_AGGRESSIVE;
				GCC_WARN_UNUSED_FUNCTION = YES;
				GCC_WARN_UNUSED_VARIABLE = YES;
				IPHONEOS_DEPLOYMENT_TARGET = 10.0;
				MTL_ENABLE_DEBUG_INFO = INCLUDE_SOURCE;
				MTL_FAST_MATH = YES;
				ONLY_ACTIVE_ARCH = YES;
				SDKROOT = iphoneos;
				SWIFT_ACTIVE_COMPILATION_CONDITIONS = DEBUG;
				SWIFT_OPTIMIZATION_LEVEL = "-Onone";
			};
			name = Debug;
		};
		8B54DBE92656587600DFF12E /* Release */ = {
			isa = XCBuildConfiguration;
			buildSettings = {
				ALWAYS_SEARCH_USER_PATHS = NO;
				CLANG_ANALYZER_NONNULL = YES;
				CLANG_ANALYZER_NUMBER_OBJECT_CONVERSION = YES_AGGRESSIVE;
				CLANG_CXX_LANGUAGE_STANDARD = "gnu++14";
				CLANG_CXX_LIBRARY = "libc++";
				CLANG_ENABLE_MODULES = YES;
				CLANG_ENABLE_OBJC_ARC = YES;
				CLANG_ENABLE_OBJC_WEAK = YES;
				CLANG_WARN_BLOCK_CAPTURE_AUTORELEASING = YES;
				CLANG_WARN_BOOL_CONVERSION = YES;
				CLANG_WARN_COMMA = YES;
				CLANG_WARN_CONSTANT_CONVERSION = YES;
				CLANG_WARN_DEPRECATED_OBJC_IMPLEMENTATIONS = YES;
				CLANG_WARN_DIRECT_OBJC_ISA_USAGE = YES_ERROR;
				CLANG_WARN_DOCUMENTATION_COMMENTS = YES;
				CLANG_WARN_EMPTY_BODY = YES;
				CLANG_WARN_ENUM_CONVERSION = YES;
				CLANG_WARN_INFINITE_RECURSION = YES;
				CLANG_WARN_INT_CONVERSION = YES;
				CLANG_WARN_NON_LITERAL_NULL_CONVERSION = YES;
				CLANG_WARN_OBJC_IMPLICIT_RETAIN_SELF = YES;
				CLANG_WARN_OBJC_LITERAL_CONVERSION = YES;
				CLANG_WARN_OBJC_ROOT_CLASS = YES_ERROR;
				CLANG_WARN_QUOTED_INCLUDE_IN_FRAMEWORK_HEADER = YES;
				CLANG_WARN_RANGE_LOOP_ANALYSIS = YES;
				CLANG_WARN_STRICT_PROTOTYPES = YES;
				CLANG_WARN_SUSPICIOUS_MOVE = YES;
				CLANG_WARN_UNGUARDED_AVAILABILITY = YES_AGGRESSIVE;
				CLANG_WARN_UNREACHABLE_CODE = YES;
				CLANG_WARN__DUPLICATE_METHOD_MATCH = YES;
				COPY_PHASE_STRIP = NO;
				DEBUG_INFORMATION_FORMAT = "dwarf-with-dsym";
				ENABLE_NS_ASSERTIONS = NO;
				ENABLE_STRICT_OBJC_MSGSEND = YES;
				GCC_C_LANGUAGE_STANDARD = gnu11;
				GCC_NO_COMMON_BLOCKS = YES;
				GCC_WARN_64_TO_32_BIT_CONVERSION = YES;
				GCC_WARN_ABOUT_RETURN_TYPE = YES_ERROR;
				GCC_WARN_UNDECLARED_SELECTOR = YES;
				GCC_WARN_UNINITIALIZED_AUTOS = YES_AGGRESSIVE;
				GCC_WARN_UNUSED_FUNCTION = YES;
				GCC_WARN_UNUSED_VARIABLE = YES;
				IPHONEOS_DEPLOYMENT_TARGET = 10.0;
				MTL_ENABLE_DEBUG_INFO = NO;
				MTL_FAST_MATH = YES;
				SDKROOT = iphoneos;
				SWIFT_COMPILATION_MODE = wholemodule;
				SWIFT_OPTIMIZATION_LEVEL = "-O";
				VALIDATE_PRODUCT = YES;
			};
			name = Release;
		};
		8B54DBEB2656587600DFF12E /* Debug */ = {
			isa = XCBuildConfiguration;
			buildSettings = {
				ASSETCATALOG_COMPILER_APPICON_NAME = AppIcon;
				ASSETCATALOG_COMPILER_GLOBAL_ACCENT_COLOR_NAME = AccentColor;
				CODE_SIGN_STYLE = Automatic;
				INFOPLIST_FILE = HGRefreshExample/Info.plist;
				IPHONEOS_DEPLOYMENT_TARGET = 13.0;
				LD_RUNPATH_SEARCH_PATHS = (
					"$(inherited)",
					"@executable_path/Frameworks",
				);
				PRODUCT_BUNDLE_IDENTIFIER = com.bao.HGRefreshExample;
				PRODUCT_NAME = "$(TARGET_NAME)";
				SWIFT_VERSION = 5.0;
				TARGETED_DEVICE_FAMILY = "1,2";
			};
			name = Debug;
		};
		8B54DBEC2656587600DFF12E /* Release */ = {
			isa = XCBuildConfiguration;
			buildSettings = {
				ASSETCATALOG_COMPILER_APPICON_NAME = AppIcon;
				ASSETCATALOG_COMPILER_GLOBAL_ACCENT_COLOR_NAME = AccentColor;
				CODE_SIGN_STYLE = Automatic;
				INFOPLIST_FILE = HGRefreshExample/Info.plist;
				IPHONEOS_DEPLOYMENT_TARGET = 13.0;
				LD_RUNPATH_SEARCH_PATHS = (
					"$(inherited)",
					"@executable_path/Frameworks",
				);
				PRODUCT_BUNDLE_IDENTIFIER = com.bao.HGRefreshExample;
				PRODUCT_NAME = "$(TARGET_NAME)";
				SWIFT_VERSION = 5.0;
				TARGETED_DEVICE_FAMILY = "1,2";
			};
			name = Release;
		};
/* End XCBuildConfiguration section */

/* Begin XCConfigurationList section */
		8B54DBD12656587300DFF12E /* Build configuration list for PBXProject "HGRefreshExample" */ = {
			isa = XCConfigurationList;
			buildConfigurations = (
				8B54DBE82656587600DFF12E /* Debug */,
				8B54DBE92656587600DFF12E /* Release */,
			);
			defaultConfigurationIsVisible = 0;
			defaultConfigurationName = Release;
		};
		8B54DBEA2656587600DFF12E /* Build configuration list for PBXNativeTarget "HGRefreshExample" */ = {
			isa = XCConfigurationList;
			buildConfigurations = (
				8B54DBEB2656587600DFF12E /* Debug */,
				8B54DBEC2656587600DFF12E /* Release */,
			);
			defaultConfigurationIsVisible = 0;
			defaultConfigurationName = Release;
		};
/* End XCConfigurationList section */
	};
	rootObject = 8B54DBCE2656587300DFF12E /* Project object */;
}
